
Microsoft Visual Studio Solution File, Format Version 12.00
# Visual Studio 15
VisualStudioVersion = 15.0.28010.2041
MinimumVisualStudioVersion = 10.0.40219.1
Project("{FAE04EC0-301F-11D3-BF4B-00C04F79EFBC}") = "L_01", "L_01\L_01.csproj", "{40FFBF1F-91F9-4678-BCFE-8EABDFFE3912}"
EndProject
Global
	GlobalSection(SolutionConfigurationPlatforms) = preSolution
		Debug|Any CPU = Debug|Any CPU
		Release|Any CPU = Release|Any CPU
	EndGlobalSection
	GlobalSection(ProjectConfigurationPlatforms) = postSolution
		{40FFBF1F-91F9-4678-BCFE-8EABDFFE3912}.Debug|Any CPU.ActiveCfg = Debug|Any CPU
		{40FFBF1F-91F9-4678-BCFE-8EABDFFE3912}.Debug|Any CPU.Build.0 = Debug|Any CPU
		{40FFBF1F-91F9-4678-BCFE-8EABDFFE3912}.Release|Any CPU.ActiveCfg = Release|Any CPU
		{40FFBF1F-91F9-4678-BCFE-8EABDFFE3912}.Release|Any CPU.Build.0 = Release|Any CPU
	EndGlobalSection
	GlobalSection(SolutionProperties) = preSolution
		HideSolutionNode = FALSE
	EndGlobalSection
	GlobalSection(ExtensibilityGlobals) = postSolution
		SolutionGuid = {7F63ED7D-F5D0-4994-A8DC-B2D88E5F4784}
	EndGlobalSection
EndGlobal
